
Microsoft Visual Studio Solution File, Format Version 12.00
# Visual Studio 15
VisualStudioVersion = 15.0.28010.2050
MinimumVisualStudioVersion = 10.0.40219.1
Project("{9A19103F-16F7-4668-BE54-9A1E7A4F7556}") = "CashierMVC", "..\..\..\..\..\ProjektNadrzedny\ubrania\Ubrania_Nowy\Ubrania_ASP.NET_Nowy\CashierMVC.csproj", "{08B455C1-A2FE-4106-A734-3A780DCDB3DB}"
EndProject
Global
	GlobalSection(SolutionConfigurationPlatforms) = preSolution
		Debug|Any CPU = Debug|Any CPU
		Release|Any CPU = Release|Any CPU
	EndGlobalSection
	GlobalSection(ProjectConfigurationPlatforms) = postSolution
		{08B455C1-A2FE-4106-A734-3A780DCDB3DB}.Debug|Any CPU.ActiveCfg = Debug|Any CPU
		{08B455C1-A2FE-4106-A734-3A780DCDB3DB}.Debug|Any CPU.Build.0 = Debug|Any CPU
		{08B455C1-A2FE-4106-A734-3A780DCDB3DB}.Release|Any CPU.ActiveCfg = Release|Any CPU
		{08B455C1-A2FE-4106-A734-3A780DCDB3DB}.Release|Any CPU.Build.0 = Release|Any CPU
	EndGlobalSection
	GlobalSection(SolutionProperties) = preSolution
		HideSolutionNode = FALSE
	EndGlobalSection
	GlobalSection(ExtensibilityGlobals) = postSolution
		SolutionGuid = {AACE0351-FF3B-4A35-A2C6-A066041EEA4C}
	EndGlobalSection
EndGlobal
